{
    "_meta": {
        "hash": {
            "sha256": "1e4c82dc4de81454602aa6e58d1d294e2d325d08d97526fcc8195efb1ab79528"
        },
        "pipfile-spec": 6,
        "requires": {
            "python_version": "2.7"
        },
        "sources": [
            {
                "name": "pypi",
                "url": "https://pypi.org/simple",
                "verify_ssl": true
            }
        ]
    },
    "default": {
        "django": {
            "hashes": [
                "sha256:8176ac7985fe6737ce3d6b2531b4a2453cb7c3377c9db00bacb2b3320f4a1311",
                "sha256:b18235d82426f09733d2de9910cee975cf52ff05e5f836681eb957d105a05a40"
            ],
            "index": "pypi",
            "version": "==1.11.15"
        },
        "django-mssql": {
            "hashes": [
                "sha256:9e40900fe6e15c87aecc63ddad3d2ccc92254b55f8c9bceb564e0c6889bd2cba",
                "sha256:d1b041c14da4eba9239936f97460ffad7b245654a9a92c4d337e2fa9e8928a2e"
            ],
            "version": "==1.8"
        },
        "django-sqlserver": {
            "hashes": [
                "sha256:1b2891a44433ca973f4ff3f7274ae5cbe02664d5d754f537460156edfef7b88e"
            ],
            "index": "pypi",
            "version": "==1.11"
        },
        "django-tastypie": {
            "hashes": [
                "sha256:a3a2413510009649e0eac885ead96891c783ced788fd94231dc2f72b7a1b4c04"
            ],
            "index": "pypi",
            "version": "==0.14.2"
        },
        "python-dateutil": {
            "hashes": [
                "sha256:1adb80e7a782c12e52ef9a8182bebeb73f1d7e24e374397af06fb4956c8dc5c0",
                "sha256:e27001de32f627c22380a688bcc43ce83504a7bc5da472209b4c70f02829f0b8"
            ],
            "version": "==2.7.3"
        },
        "python-mimeparse": {
            "hashes": [
                "sha256:76e4b03d700a641fd7761d3cd4fdbbdcd787eade1ebfac43f877016328334f78",
                "sha256:a295f03ff20341491bfe4717a39cd0a8cc9afad619ba44b77e86b0ab8a2b8282"
            ],
            "version": "==1.6.0"
        },
        "python-tds": {
            "hashes": [
                "sha256:d2f228f921dadf11500496a15aa725d89e8c711e53b3f43b7c81f78ac8126448"
            ],
            "version": "==1.9.1"
        },
        "pytz": {
            "hashes": [
                "sha256:a061aa0a9e06881eb8b3b2b43f05b9439d6583c206d0a6c340ff72a7b6669053",
                "sha256:ffb9ef1de172603304d9d2819af6f5ece76f2e85ec10692a524dd876e72bf277"
            ],
            "version": "==2018.5"
        },
        "six": {
            "hashes": [
                "sha256:70e8a77beed4562e7f14fe23a786b54f6296e34344c23bc42f07b15018ff98e9",
                "sha256:832dc0e10feb1aa2c68dcc57dbb658f1c7e65b9b61af69048abc87a2db00a0eb"
            ],
            "version": "==1.11.0"
        }
    },
    "develop": {}
}
